// !$*UTF8*$!
{
	archiveVersion = 1;
	classes = {
	};
	objectVersion = 55;
	objects = {

/* Begin PBXBuildFile section */
		B55F8D3327DC73A9002F4E32 /* CryptoTrackerApp.swift in Sources */ = {isa = PBXBuildFile; fileRef = B55F8D3227DC73A9002F4E32 /* CryptoTrackerApp.swift */; };
		B55F8D3727DC73AA002F4E32 /* Assets.xcassets in Resources */ = {isa = PBXBuildFile; fileRef = B55F8D3627DC73AA002F4E32 /* Assets.xcassets */; };
		B55F8D3A27DC73AA002F4E32 /* Preview Assets.xcassets in Resources */ = {isa = PBXBuildFile; fileRef = B55F8D3927DC73AA002F4E32 /* Preview Assets.xcassets */; };
		B55F8D4227DDB067002F4E32 /* Color.swift in Sources */ = {isa = PBXBuildFile; fileRef = B55F8D4127DDB067002F4E32 /* Color.swift */; };
		B55F8D4827DDB21A002F4E32 /* HomeView.swift in Sources */ = {isa = PBXBuildFile; fileRef = B55F8D4727DDB21A002F4E32 /* HomeView.swift */; };
		B55F8D4C27DDB358002F4E32 /* CircleButtonView.swift in Sources */ = {isa = PBXBuildFile; fileRef = B55F8D4B27DDB358002F4E32 /* CircleButtonView.swift */; };
		B55F8D4E27DDB6BC002F4E32 /* CircleButtonAnimationView.swift in Sources */ = {isa = PBXBuildFile; fileRef = B55F8D4D27DDB6BC002F4E32 /* CircleButtonAnimationView.swift */; };
		B55F8D5027E039E8002F4E32 /* HomeViewModel.swift in Sources */ = {isa = PBXBuildFile; fileRef = B55F8D4F27E039E8002F4E32 /* HomeViewModel.swift */; };
		B55F8D5327E03A43002F4E32 /* CoinModel.swift in Sources */ = {isa = PBXBuildFile; fileRef = B55F8D5227E03A43002F4E32 /* CoinModel.swift */; };
		B55F8D5527E03AEC002F4E32 /* CoinDetailModel.swift in Sources */ = {isa = PBXBuildFile; fileRef = B55F8D5427E03AEC002F4E32 /* CoinDetailModel.swift */; };
		B55F8D5727E03B4A002F4E32 /* HomeStatsView.swift in Sources */ = {isa = PBXBuildFile; fileRef = B55F8D5627E03B4A002F4E32 /* HomeStatsView.swift */; };
		B55F8D5927E03B6E002F4E32 /* CoinRowView.swift in Sources */ = {isa = PBXBuildFile; fileRef = B55F8D5827E03B6E002F4E32 /* CoinRowView.swift */; };
		B55F8D5B27E03BBF002F4E32 /* PortfolioView.swift in Sources */ = {isa = PBXBuildFile; fileRef = B55F8D5A27E03BBF002F4E32 /* PortfolioView.swift */; };
		B55F8D6027E03D98002F4E32 /* DetailView.swift in Sources */ = {isa = PBXBuildFile; fileRef = B55F8D5F27E03D98002F4E32 /* DetailView.swift */; };
		B55F8D6227E03F6E002F4E32 /* ChartView.swift in Sources */ = {isa = PBXBuildFile; fileRef = B55F8D6127E03F6E002F4E32 /* ChartView.swift */; };
		B55F8D6427E03F94002F4E32 /* DetailViewModel.swift in Sources */ = {isa = PBXBuildFile; fileRef = B55F8D6327E03F94002F4E32 /* DetailViewModel.swift */; };
		B55F8D6627E04158002F4E32 /* StatisticModel.swift in Sources */ = {isa = PBXBuildFile; fileRef = B55F8D6527E04158002F4E32 /* StatisticModel.swift */; };
		B55F8D6827E0417E002F4E32 /* MarketDataModel.swift in Sources */ = {isa = PBXBuildFile; fileRef = B55F8D6727E0417E002F4E32 /* MarketDataModel.swift */; };
		B55F8D6B27E0419D002F4E32 /* PortfolioContainer.xcdatamodeld in Sources */ = {isa = PBXBuildFile; fileRef = B55F8D6927E0419D002F4E32 /* PortfolioContainer.xcdatamodeld */; };
		B55F8D6E27E041F0002F4E32 /* CoinImageView.swift in Sources */ = {isa = PBXBuildFile; fileRef = B55F8D6D27E041F0002F4E32 /* CoinImageView.swift */; };
		B55F8D7027E0420D002F4E32 /* CoinImageViewModel.swift in Sources */ = {isa = PBXBuildFile; fileRef = B55F8D6F27E0420D002F4E32 /* CoinImageViewModel.swift */; };
		B55F8D7227E04227002F4E32 /* CoinLogoView.swift in Sources */ = {isa = PBXBuildFile; fileRef = B55F8D7127E04227002F4E32 /* CoinLogoView.swift */; };
		B55F8D7427E04248002F4E32 /* SearchBarView.swift in Sources */ = {isa = PBXBuildFile; fileRef = B55F8D7327E04248002F4E32 /* SearchBarView.swift */; };
		B55F8D7627E0427D002F4E32 /* StatisticView.swift in Sources */ = {isa = PBXBuildFile; fileRef = B55F8D7527E0427D002F4E32 /* StatisticView.swift */; };
		B55F8D7827E042A1002F4E32 /* XMarkButton.swift in Sources */ = {isa = PBXBuildFile; fileRef = B55F8D7727E042A1002F4E32 /* XMarkButton.swift */; };
		B55F8D7C27E0430D002F4E32 /* LaunchView.swift in Sources */ = {isa = PBXBuildFile; fileRef = B55F8D7B27E0430D002F4E32 /* LaunchView.swift */; };
		B55F8D7E27E0433B002F4E32 /* LaunchScreen.storyboard in Resources */ = {isa = PBXBuildFile; fileRef = B55F8D7D27E0433B002F4E32 /* LaunchScreen.storyboard */; };
		B55F8D8127E04398002F4E32 /* SettingsView.swift in Sources */ = {isa = PBXBuildFile; fileRef = B55F8D8027E04398002F4E32 /* SettingsView.swift */; };
		B55F8D8627E04460002F4E32 /* NetworkManager.swift in Sources */ = {isa = PBXBuildFile; fileRef = B55F8D8527E04460002F4E32 /* NetworkManager.swift */; };
		B55F8D8827E04480002F4E32 /* LocalFileManager.swift in Sources */ = {isa = PBXBuildFile; fileRef = B55F8D8727E04480002F4E32 /* LocalFileManager.swift */; };
		B55F8D8A27E044A7002F4E32 /* HapticManager.swift in Sources */ = {isa = PBXBuildFile; fileRef = B55F8D8927E044A7002F4E32 /* HapticManager.swift */; };
		B55F8D8C27E044CD002F4E32 /* PreviewProvider.swift in Sources */ = {isa = PBXBuildFile; fileRef = B55F8D8B27E044CD002F4E32 /* PreviewProvider.swift */; };
		B55F8D8E27E04507002F4E32 /* Double.swift in Sources */ = {isa = PBXBuildFile; fileRef = B55F8D8D27E04507002F4E32 /* Double.swift */; };
		B55F8D9027E04520002F4E32 /* UIApplication.swift in Sources */ = {isa = PBXBuildFile; fileRef = B55F8D8F27E04520002F4E32 /* UIApplication.swift */; };
		B55F8D9227E0453A002F4E32 /* Date.swift in Sources */ = {isa = PBXBuildFile; fileRef = B55F8D9127E0453A002F4E32 /* Date.swift */; };
		B55F8D9427E04568002F4E32 /* String.swift in Sources */ = {isa = PBXBuildFile; fileRef = B55F8D9327E04568002F4E32 /* String.swift */; };
		B55F8D9627E04642002F4E32 /* CoinDataService.swift in Sources */ = {isa = PBXBuildFile; fileRef = B55F8D9527E04642002F4E32 /* CoinDataService.swift */; };
		B55F8D9827E046BC002F4E32 /* CoinDetailDataService.swift in Sources */ = {isa = PBXBuildFile; fileRef = B55F8D9727E046BC002F4E32 /* CoinDetailDataService.swift */; };
		B55F8D9A27E04727002F4E32 /* CoinImageService.swift in Sources */ = {isa = PBXBuildFile; fileRef = B55F8D9927E04727002F4E32 /* CoinImageService.swift */; };
		B55F8D9C27E04755002F4E32 /* MarketDataService.swift in Sources */ = {isa = PBXBuildFile; fileRef = B55F8D9B27E04755002F4E32 /* MarketDataService.swift */; };
		B55F8D9E27E047A0002F4E32 /* PortfolioDataService.swift in Sources */ = {isa = PBXBuildFile; fileRef = B55F8D9D27E047A0002F4E32 /* PortfolioDataService.swift */; };
/* End PBXBuildFile section */

/* Begin PBXFileReference section */
		B55F8D2F27DC73A9002F4E32 /* CryptoTracker.app */ = {isa = PBXFileReference; explicitFileType = wrapper.application; includeInIndex = 0; path = CryptoTracker.app; sourceTree = BUILT_PRODUCTS_DIR; };
		B55F8D3227DC73A9002F4E32 /* CryptoTrackerApp.swift */ = {isa = PBXFileReference; lastKnownFileType = sourcecode.swift; path = CryptoTrackerApp.swift; sourceTree = "<group>"; };
		B55F8D3627DC73AA002F4E32 /* Assets.xcassets */ = {isa = PBXFileReference; lastKnownFileType = folder.assetcatalog; path = Assets.xcassets; sourceTree = "<group>"; };
		B55F8D3927DC73AA002F4E32 /* Preview Assets.xcassets */ = {isa = PBXFileReference; lastKnownFileType = folder.assetcatalog; path = "Preview Assets.xcassets"; sourceTree = "<group>"; };
		B55F8D4127DDB067002F4E32 /* Color.swift */ = {isa = PBXFileReference; lastKnownFileType = sourcecode.swift; path = Color.swift; sourceTree = "<group>"; };
		B55F8D4727DDB21A002F4E32 /* HomeView.swift */ = {isa = PBXFileReference; lastKnownFileType = sourcecode.swift; path = HomeView.swift; sourceTree = "<group>"; };
		B55F8D4B27DDB358002F4E32 /* CircleButtonView.swift */ = {isa = PBXFileReference; lastKnownFileType = sourcecode.swift; path = CircleButtonView.swift; sourceTree = "<group>"; };
		B55F8D4D27DDB6BC002F4E32 /* CircleButtonAnimationView.swift */ = {isa = PBXFileReference; lastKnownFileType = sourcecode.swift; path = CircleButtonAnimationView.swift; sourceTree = "<group>"; };
		B55F8D4F27E039E8002F4E32 /* HomeViewModel.swift */ = {isa = PBXFileReference; lastKnownFileType = sourcecode.swift; path = HomeViewModel.swift; sourceTree = "<group>"; };
		B55F8D5227E03A43002F4E32 /* CoinModel.swift */ = {isa = PBXFileReference; lastKnownFileType = sourcecode.swift; path = CoinModel.swift; sourceTree = "<group>"; };
		B55F8D5427E03AEC002F4E32 /* CoinDetailModel.swift */ = {isa = PBXFileReference; lastKnownFileType = sourcecode.swift; path = CoinDetailModel.swift; sourceTree = "<group>"; };
		B55F8D5627E03B4A002F4E32 /* HomeStatsView.swift */ = {isa = PBXFileReference; lastKnownFileType = sourcecode.swift; path = HomeStatsView.swift; sourceTree = "<group>"; };
		B55F8D5827E03B6E002F4E32 /* CoinRowView.swift */ = {isa = PBXFileReference; lastKnownFileType = sourcecode.swift; path = CoinRowView.swift; sourceTree = "<group>"; };
		B55F8D5A27E03BBF002F4E32 /* PortfolioView.swift */ = {isa = PBXFileReference; lastKnownFileType = sourcecode.swift; path = PortfolioView.swift; sourceTree = "<group>"; };
		B55F8D5F27E03D98002F4E32 /* DetailView.swift */ = {isa = PBXFileReference; lastKnownFileType = sourcecode.swift; path = DetailView.swift; sourceTree = "<group>"; };
		B55F8D6127E03F6E002F4E32 /* ChartView.swift */ = {isa = PBXFileReference; lastKnownFileType = sourcecode.swift; path = ChartView.swift; sourceTree = "<group>"; };
		B55F8D6327E03F94002F4E32 /* DetailViewModel.swift */ = {isa = PBXFileReference; lastKnownFileType = sourcecode.swift; path = DetailViewModel.swift; sourceTree = "<group>"; };
		B55F8D6527E04158002F4E32 /* StatisticModel.swift */ = {isa = PBXFileReference; lastKnownFileType = sourcecode.swift; path = StatisticModel.swift; sourceTree = "<group>"; };
		B55F8D6727E0417E002F4E32 /* MarketDataModel.swift */ = {isa = PBXFileReference; lastKnownFileType = sourcecode.swift; path = MarketDataModel.swift; sourceTree = "<group>"; };
		B55F8D6A27E0419D002F4E32 /* PortfolioContainer.xcdatamodel */ = {isa = PBXFileReference; lastKnownFileType = wrapper.xcdatamodel; path = PortfolioContainer.xcdatamodel; sourceTree = "<group>"; };
		B55F8D6D27E041F0002F4E32 /* CoinImageView.swift */ = {isa = PBXFileReference; lastKnownFileType = sourcecode.swift; path = CoinImageView.swift; sourceTree = "<group>"; };
		B55F8D6F27E0420D002F4E32 /* CoinImageViewModel.swift */ = {isa = PBXFileReference; lastKnownFileType = sourcecode.swift; path = CoinImageViewModel.swift; sourceTree = "<group>"; };
		B55F8D7127E04227002F4E32 /* CoinLogoView.swift */ = {isa = PBXFileReference; lastKnownFileType = sourcecode.swift; path = CoinLogoView.swift; sourceTree = "<group>"; };
		B55F8D7327E04248002F4E32 /* SearchBarView.swift */ = {isa = PBXFileReference; lastKnownFileType = sourcecode.swift; path = SearchBarView.swift; sourceTree = "<group>"; };
		B55F8D7527E0427D002F4E32 /* StatisticView.swift */ = {isa = PBXFileReference; lastKnownFileType = sourcecode.swift; path = StatisticView.swift; sourceTree = "<group>"; };
		B55F8D7727E042A1002F4E32 /* XMarkButton.swift */ = {isa = PBXFileReference; lastKnownFileType = sourcecode.swift; path = XMarkButton.swift; sourceTree = "<group>"; };
		B55F8D7B27E0430D002F4E32 /* LaunchView.swift */ = {isa = PBXFileReference; lastKnownFileType = sourcecode.swift; path = LaunchView.swift; sourceTree = "<group>"; };
		B55F8D7D27E0433B002F4E32 /* LaunchScreen.storyboard */ = {isa = PBXFileReference; lastKnownFileType = file.storyboard; path = LaunchScreen.storyboard; sourceTree = "<group>"; };
		B55F8D8027E04398002F4E32 /* SettingsView.swift */ = {isa = PBXFileReference; lastKnownFileType = sourcecode.swift; path = SettingsView.swift; sourceTree = "<group>"; };
		B55F8D8527E04460002F4E32 /* NetworkManager.swift */ = {isa = PBXFileReference; lastKnownFileType = sourcecode.swift; path = NetworkManager.swift; sourceTree = "<group>"; };
		B55F8D8727E04480002F4E32 /* LocalFileManager.swift */ = {isa = PBXFileReference; lastKnownFileType = sourcecode.swift; path = LocalFileManager.swift; sourceTree = "<group>"; };
		B55F8D8927E044A7002F4E32 /* HapticManager.swift */ = {isa = PBXFileReference; lastKnownFileType = sourcecode.swift; path = HapticManager.swift; sourceTree = "<group>"; };
		B55F8D8B27E044CD002F4E32 /* PreviewProvider.swift */ = {isa = PBXFileReference; lastKnownFileType = sourcecode.swift; path = PreviewProvider.swift; sourceTree = "<group>"; };
		B55F8D8D27E04507002F4E32 /* Double.swift */ = {isa = PBXFileReference; lastKnownFileType = sourcecode.swift; path = Double.swift; sourceTree = "<group>"; };
		B55F8D8F27E04520002F4E32 /* UIApplication.swift */ = {isa = PBXFileReference; lastKnownFileType = sourcecode.swift; path = UIApplication.swift; sourceTree = "<group>"; };
		B55F8D9127E0453A002F4E32 /* Date.swift */ = {isa = PBXFileReference; lastKnownFileType = sourcecode.swift; path = Date.swift; sourceTree = "<group>"; };
		B55F8D9327E04568002F4E32 /* String.swift */ = {isa = PBXFileReference; lastKnownFileType = sourcecode.swift; path = String.swift; sourceTree = "<group>"; };
		B55F8D9527E04642002F4E32 /* CoinDataService.swift */ = {isa = PBXFileReference; lastKnownFileType = sourcecode.swift; path = CoinDataService.swift; sourceTree = "<group>"; };
		B55F8D9727E046BC002F4E32 /* CoinDetailDataService.swift */ = {isa = PBXFileReference; lastKnownFileType = sourcecode.swift; path = CoinDetailDataService.swift; sourceTree = "<group>"; };
		B55F8D9927E04727002F4E32 /* CoinImageService.swift */ = {isa = PBXFileReference; lastKnownFileType = sourcecode.swift; path = CoinImageService.swift; sourceTree = "<group>"; };
		B55F8D9B27E04755002F4E32 /* MarketDataService.swift */ = {isa = PBXFileReference; lastKnownFileType = sourcecode.swift; path = MarketDataService.swift; sourceTree = "<group>"; };
		B55F8D9D27E047A0002F4E32 /* PortfolioDataService.swift */ = {isa = PBXFileReference; lastKnownFileType = sourcecode.swift; path = PortfolioDataService.swift; sourceTree = "<group>"; };
/* End PBXFileReference section */

/* Begin PBXFrameworksBuildPhase section */
		B55F8D2C27DC73A9002F4E32 /* Frameworks */ = {
			isa = PBXFrameworksBuildPhase;
			buildActionMask = 2147483647;
			files = (
			);
			runOnlyForDeploymentPostprocessing = 0;
		};
/* End PBXFrameworksBuildPhase section */

/* Begin PBXGroup section */
		B55F8D2627DC73A9002F4E32 = {
			isa = PBXGroup;
			children = (
				B55F8D3127DC73A9002F4E32 /* CryptoTracker */,
				B55F8D3027DC73A9002F4E32 /* Products */,
			);
			sourceTree = "<group>";
		};
		B55F8D3027DC73A9002F4E32 /* Products */ = {
			isa = PBXGroup;
			children = (
				B55F8D2F27DC73A9002F4E32 /* CryptoTracker.app */,
			);
			name = Products;
			sourceTree = "<group>";
		};
		B55F8D3127DC73A9002F4E32 /* CryptoTracker */ = {
			isa = PBXGroup;
			children = (
				B55F8D3227DC73A9002F4E32 /* CryptoTrackerApp.swift */,
				B55F8D8427E04438002F4E32 /* Services */,
				B55F8D4027DDB05F002F4E32 /* Extensions */,
				B55F8D8327E0440D002F4E32 /* Utilities */,
				B55F8D5127E03A39002F4E32 /* Models */,
				B55F8D4327DDB1E9002F4E32 /* Core */,
				B55F8D3627DC73AA002F4E32 /* Assets.xcassets */,
				B55F8D3827DC73AA002F4E32 /* Preview Content */,
			);
			path = CryptoTracker;
			sourceTree = "<group>";
		};
		B55F8D3827DC73AA002F4E32 /* Preview Content */ = {
			isa = PBXGroup;
			children = (
				B55F8D3927DC73AA002F4E32 /* Preview Assets.xcassets */,
			);
			path = "Preview Content";
			sourceTree = "<group>";
		};
		B55F8D4027DDB05F002F4E32 /* Extensions */ = {
			isa = PBXGroup;
			children = (
				B55F8D4127DDB067002F4E32 /* Color.swift */,
				B55F8D8B27E044CD002F4E32 /* PreviewProvider.swift */,
				B55F8D8D27E04507002F4E32 /* Double.swift */,
				B55F8D8F27E04520002F4E32 /* UIApplication.swift */,
				B55F8D9127E0453A002F4E32 /* Date.swift */,
				B55F8D9327E04568002F4E32 /* String.swift */,
			);
			path = Extensions;
			sourceTree = "<group>";
		};
		B55F8D4327DDB1E9002F4E32 /* Core */ = {
			isa = PBXGroup;
			children = (
				B55F8D7A27E042E6002F4E32 /* Settings */,
				B55F8D7927E042E1002F4E32 /* Launch */,
				B55F8D4927DDB331002F4E32 /* Components */,
				B55F8D4427DDB1F8002F4E32 /* Home */,
				B55F8D5C27E03D6A002F4E32 /* Detail */,
			);
			path = Core;
			sourceTree = "<group>";
		};
		B55F8D4427DDB1F8002F4E32 /* Home */ = {
			isa = PBXGroup;
			children = (
				B55F8D4627DDB20A002F4E32 /* ViewModels */,
				B55F8D4527DDB206002F4E32 /* Views */,
			);
			path = Home;
			sourceTree = "<group>";
		};
		B55F8D4527DDB206002F4E32 /* Views */ = {
			isa = PBXGroup;
			children = (
				B55F8D4727DDB21A002F4E32 /* HomeView.swift */,
				B55F8D5627E03B4A002F4E32 /* HomeStatsView.swift */,
				B55F8D5827E03B6E002F4E32 /* CoinRowView.swift */,
				B55F8D5A27E03BBF002F4E32 /* PortfolioView.swift */,
			);
			path = Views;
			sourceTree = "<group>";
		};
		B55F8D4627DDB20A002F4E32 /* ViewModels */ = {
			isa = PBXGroup;
			children = (
				B55F8D4F27E039E8002F4E32 /* HomeViewModel.swift */,
			);
			path = ViewModels;
			sourceTree = "<group>";
		};
		B55F8D4927DDB331002F4E32 /* Components */ = {
			isa = PBXGroup;
			children = (
				B55F8D6C27E041E2002F4E32 /* CoinImage */,
				B55F8D4A27DDB347002F4E32 /* CircleButton */,
				B55F8D7327E04248002F4E32 /* SearchBarView.swift */,
				B55F8D7527E0427D002F4E32 /* StatisticView.swift */,
				B55F8D7727E042A1002F4E32 /* XMarkButton.swift */,
			);
			path = Components;
			sourceTree = "<group>";
		};
		B55F8D4A27DDB347002F4E32 /* CircleButton */ = {
			isa = PBXGroup;
			children = (
				B55F8D4B27DDB358002F4E32 /* CircleButtonView.swift */,
				B55F8D4D27DDB6BC002F4E32 /* CircleButtonAnimationView.swift */,
			);
			path = CircleButton;
			sourceTree = "<group>";
		};
		B55F8D5127E03A39002F4E32 /* Models */ = {
			isa = PBXGroup;
			children = (
				B55F8D5227E03A43002F4E32 /* CoinModel.swift */,
				B55F8D5427E03AEC002F4E32 /* CoinDetailModel.swift */,
				B55F8D6527E04158002F4E32 /* StatisticModel.swift */,
				B55F8D6727E0417E002F4E32 /* MarketDataModel.swift */,
				B55F8D6927E0419D002F4E32 /* PortfolioContainer.xcdatamodeld */,
			);
			path = Models;
			sourceTree = "<group>";
		};
		B55F8D5C27E03D6A002F4E32 /* Detail */ = {
			isa = PBXGroup;
			children = (
				B55F8D5E27E03D7E002F4E32 /* Views */,
				B55F8D5D27E03D79002F4E32 /* ViewModels */,
			);
			path = Detail;
			sourceTree = "<group>";
		};
		B55F8D5D27E03D79002F4E32 /* ViewModels */ = {
			isa = PBXGroup;
			children = (
				B55F8D6327E03F94002F4E32 /* DetailViewModel.swift */,
			);
			path = ViewModels;
			sourceTree = "<group>";
		};
		B55F8D5E27E03D7E002F4E32 /* Views */ = {
			isa = PBXGroup;
			children = (
				B55F8D5F27E03D98002F4E32 /* DetailView.swift */,
				B55F8D6127E03F6E002F4E32 /* ChartView.swift */,
			);
			path = Views;
			sourceTree = "<group>";
		};
		B55F8D6C27E041E2002F4E32 /* CoinImage */ = {
			isa = PBXGroup;
			children = (
				B55F8D6D27E041F0002F4E32 /* CoinImageView.swift */,
				B55F8D6F27E0420D002F4E32 /* CoinImageViewModel.swift */,
				B55F8D7127E04227002F4E32 /* CoinLogoView.swift */,
			);
			path = CoinImage;
			sourceTree = "<group>";
		};
		B55F8D7927E042E1002F4E32 /* Launch */ = {
			isa = PBXGroup;
			children = (
				B55F8D7F27E04371002F4E32 /* Views */,
			);
			path = Launch;
			sourceTree = "<group>";
		};
		B55F8D7A27E042E6002F4E32 /* Settings */ = {
			isa = PBXGroup;
			children = (
				B55F8D8227E043BA002F4E32 /* Views */,
			);
			path = Settings;
			sourceTree = "<group>";
		};
		B55F8D7F27E04371002F4E32 /* Views */ = {
			isa = PBXGroup;
			children = (
				B55F8D7B27E0430D002F4E32 /* LaunchView.swift */,
				B55F8D7D27E0433B002F4E32 /* LaunchScreen.storyboard */,
			);
			path = Views;
			sourceTree = "<group>";
		};
		B55F8D8227E043BA002F4E32 /* Views */ = {
			isa = PBXGroup;
			children = (
				B55F8D8027E04398002F4E32 /* SettingsView.swift */,
			);
			path = Views;
			sourceTree = "<group>";
		};
		B55F8D8327E0440D002F4E32 /* Utilities */ = {
			isa = PBXGroup;
			children = (
				B55F8D8527E04460002F4E32 /* NetworkManager.swift */,
				B55F8D8727E04480002F4E32 /* LocalFileManager.swift */,
				B55F8D8927E044A7002F4E32 /* HapticManager.swift */,
			);
			path = Utilities;
			sourceTree = "<group>";
		};
		B55F8D8427E04438002F4E32 /* Services */ = {
			isa = PBXGroup;
			children = (
				B55F8D9527E04642002F4E32 /* CoinDataService.swift */,
				B55F8D9727E046BC002F4E32 /* CoinDetailDataService.swift */,
				B55F8D9927E04727002F4E32 /* CoinImageService.swift */,
				B55F8D9B27E04755002F4E32 /* MarketDataService.swift */,
				B55F8D9D27E047A0002F4E32 /* PortfolioDataService.swift */,
			);
			path = Services;
			sourceTree = "<group>";
		};
/* End PBXGroup section */

/* Begin PBXNativeTarget section */
		B55F8D2E27DC73A9002F4E32 /* CryptoTracker */ = {
			isa = PBXNativeTarget;
			buildConfigurationList = B55F8D3D27DC73AA002F4E32 /* Build configuration list for PBXNativeTarget "CryptoTracker" */;
			buildPhases = (
				B55F8D2B27DC73A9002F4E32 /* Sources */,
				B55F8D2C27DC73A9002F4E32 /* Frameworks */,
				B55F8D2D27DC73A9002F4E32 /* Resources */,
			);
			buildRules = (
			);
			dependencies = (
			);
			name = CryptoTracker;
			productName = CryptoTracker;
			productReference = B55F8D2F27DC73A9002F4E32 /* CryptoTracker.app */;
			productType = "com.apple.product-type.application";
		};
/* End PBXNativeTarget section */

/* Begin PBXProject section */
		B55F8D2727DC73A9002F4E32 /* Project object */ = {
			isa = PBXProject;
			attributes = {
				BuildIndependentTargetsInParallel = 1;
				LastSwiftUpdateCheck = 1320;
				LastUpgradeCheck = 1320;
				TargetAttributes = {
					B55F8D2E27DC73A9002F4E32 = {
						CreatedOnToolsVersion = 13.2.1;
					};
				};
			};
			buildConfigurationList = B55F8D2A27DC73A9002F4E32 /* Build configuration list for PBXProject "CryptoTracker" */;
			compatibilityVersion = "Xcode 13.0";
			developmentRegion = en;
			hasScannedForEncodings = 0;
			knownRegions = (
				en,
				Base,
			);
			mainGroup = B55F8D2627DC73A9002F4E32;
			productRefGroup = B55F8D3027DC73A9002F4E32 /* Products */;
			projectDirPath = "";
			projectRoot = "";
			targets = (
				B55F8D2E27DC73A9002F4E32 /* CryptoTracker */,
			);
		};
/* End PBXProject section */

/* Begin PBXResourcesBuildPhase section */
		B55F8D2D27DC73A9002F4E32 /* Resources */ = {
			isa = PBXResourcesBuildPhase;
			buildActionMask = 2147483647;
			files = (
				B55F8D7E27E0433B002F4E32 /* LaunchScreen.storyboard in Resources */,
				B55F8D3A27DC73AA002F4E32 /* Preview Assets.xcassets in Resources */,
				B55F8D3727DC73AA002F4E32 /* Assets.xcassets in Resources */,
			);
			runOnlyForDeploymentPostprocessing = 0;
		};
/* End PBXResourcesBuildPhase section */

/* Begin PBXSourcesBuildPhase section */
		B55F8D2B27DC73A9002F4E32 /* Sources */ = {
			isa = PBXSourcesBuildPhase;
			buildActionMask = 2147483647;
			files = (
				B55F8D9027E04520002F4E32 /* UIApplication.swift in Sources */,
				B55F8D8627E04460002F4E32 /* NetworkManager.swift in Sources */,
				B55F8D5927E03B6E002F4E32 /* CoinRowView.swift in Sources */,
				B55F8D5527E03AEC002F4E32 /* CoinDetailModel.swift in Sources */,
				B55F8D6E27E041F0002F4E32 /* CoinImageView.swift in Sources */,
				B55F8D6227E03F6E002F4E32 /* ChartView.swift in Sources */,
				B55F8D8C27E044CD002F4E32 /* PreviewProvider.swift in Sources */,
				B55F8D8E27E04507002F4E32 /* Double.swift in Sources */,
				B55F8D4827DDB21A002F4E32 /* HomeView.swift in Sources */,
				B55F8D9E27E047A0002F4E32 /* PortfolioDataService.swift in Sources */,
				B55F8D6827E0417E002F4E32 /* MarketDataModel.swift in Sources */,
				B55F8D5027E039E8002F4E32 /* HomeViewModel.swift in Sources */,
				B55F8D3327DC73A9002F4E32 /* CryptoTrackerApp.swift in Sources */,
				B55F8D5327E03A43002F4E32 /* CoinModel.swift in Sources */,
				B55F8D9427E04568002F4E32 /* String.swift in Sources */,
				B55F8D9A27E04727002F4E32 /* CoinImageService.swift in Sources */,
				B55F8D6627E04158002F4E32 /* StatisticModel.swift in Sources */,
				B55F8D9C27E04755002F4E32 /* MarketDataService.swift in Sources */,
				B55F8D7C27E0430D002F4E32 /* LaunchView.swift in Sources */,
				B55F8D7827E042A1002F4E32 /* XMarkButton.swift in Sources */,
				B55F8D5B27E03BBF002F4E32 /* PortfolioView.swift in Sources */,
				B55F8D4C27DDB358002F4E32 /* CircleButtonView.swift in Sources */,
				B55F8D9227E0453A002F4E32 /* Date.swift in Sources */,
				B55F8D4227DDB067002F4E32 /* Color.swift in Sources */,
				B55F8D7627E0427D002F4E32 /* StatisticView.swift in Sources */,
				B55F8D9627E04642002F4E32 /* CoinDataService.swift in Sources */,
				B55F8D4E27DDB6BC002F4E32 /* CircleButtonAnimationView.swift in Sources */,
				B55F8D7027E0420D002F4E32 /* CoinImageViewModel.swift in Sources */,
				B55F8D6B27E0419D002F4E32 /* PortfolioContainer.xcdatamodeld in Sources */,
				B55F8D6027E03D98002F4E32 /* DetailView.swift in Sources */,
				B55F8D7427E04248002F4E32 /* SearchBarView.swift in Sources */,
				B55F8D9827E046BC002F4E32 /* CoinDetailDataService.swift in Sources */,
				B55F8D6427E03F94002F4E32 /* DetailViewModel.swift in Sources */,
				B55F8D8A27E044A7002F4E32 /* HapticManager.swift in Sources */,
				B55F8D5727E03B4A002F4E32 /* HomeStatsView.swift in Sources */,
				B55F8D7227E04227002F4E32 /* CoinLogoView.swift in Sources */,
				B55F8D8127E04398002F4E32 /* SettingsView.swift in Sources */,
				B55F8D8827E04480002F4E32 /* LocalFileManager.swift in Sources */,
			);
			runOnlyForDeploymentPostprocessing = 0;
		};
/* End PBXSourcesBuildPhase section */

/* Begin XCBuildConfiguration section */
		B55F8D3B27DC73AA002F4E32 /* Debug */ = {
			isa = XCBuildConfiguration;
			buildSettings = {
				ALWAYS_SEARCH_USER_PATHS = NO;
				CLANG_ANALYZER_NONNULL = YES;
				CLANG_ANALYZER_NUMBER_OBJECT_CONVERSION = YES_AGGRESSIVE;
				CLANG_CXX_LANGUAGE_STANDARD = "gnu++17";
				CLANG_CXX_LIBRARY = "libc++";
				CLANG_ENABLE_MODULES = YES;
				CLANG_ENABLE_OBJC_ARC = YES;
				CLANG_ENABLE_OBJC_WEAK = YES;
				CLANG_WARN_BLOCK_CAPTURE_AUTORELEASING = YES;
				CLANG_WARN_BOOL_CONVERSION = YES;
				CLANG_WARN_COMMA = YES;
				CLANG_WARN_CONSTANT_CONVERSION = YES;
				CLANG_WARN_DEPRECATED_OBJC_IMPLEMENTATIONS = YES;
				CLANG_WARN_DIRECT_OBJC_ISA_USAGE = YES_ERROR;
				CLANG_WARN_DOCUMENTATION_COMMENTS = YES;
				CLANG_WARN_EMPTY_BODY = YES;
				CLANG_WARN_ENUM_CONVERSION = YES;
				CLANG_WARN_INFINITE_RECURSION = YES;
				CLANG_WARN_INT_CONVERSION = YES;
				CLANG_WARN_NON_LITERAL_NULL_CONVERSION = YES;
				CLANG_WARN_OBJC_IMPLICIT_RETAIN_SELF = YES;
				CLANG_WARN_OBJC_LITERAL_CONVERSION = YES;
				CLANG_WARN_OBJC_ROOT_CLASS = YES_ERROR;
				CLANG_WARN_QUOTED_INCLUDE_IN_FRAMEWORK_HEADER = YES;
				CLANG_WARN_RANGE_LOOP_ANALYSIS = YES;
				CLANG_WARN_STRICT_PROTOTYPES = YES;
				CLANG_WARN_SUSPICIOUS_MOVE = YES;
				CLANG_WARN_UNGUARDED_AVAILABILITY = YES_AGGRESSIVE;
				CLANG_WARN_UNREACHABLE_CODE = YES;
				CLANG_WARN__DUPLICATE_METHOD_MATCH = YES;
				COPY_PHASE_STRIP = NO;
				DEBUG_INFORMATION_FORMAT = dwarf;
				ENABLE_STRICT_OBJC_MSGSEND = YES;
				ENABLE_TESTABILITY = YES;
				GCC_C_LANGUAGE_STANDARD = gnu11;
				GCC_DYNAMIC_NO_PIC = NO;
				GCC_NO_COMMON_BLOCKS = YES;
				GCC_OPTIMIZATION_LEVEL = 0;
				GCC_PREPROCESSOR_DEFINITIONS = (
					"DEBUG=1",
					"$(inherited)",
				);
				GCC_WARN_64_TO_32_BIT_CONVERSION = YES;
				GCC_WARN_ABOUT_RETURN_TYPE = YES_ERROR;
				GCC_WARN_UNDECLARED_SELECTOR = YES;
				GCC_WARN_UNINITIALIZED_AUTOS = YES_AGGRESSIVE;
				GCC_WARN_UNUSED_FUNCTION = YES;
				GCC_WARN_UNUSED_VARIABLE = YES;
				IPHONEOS_DEPLOYMENT_TARGET = 15.2;
				MTL_ENABLE_DEBUG_INFO = INCLUDE_SOURCE;
				MTL_FAST_MATH = YES;
				ONLY_ACTIVE_ARCH = YES;
				SDKROOT = iphoneos;
				SWIFT_ACTIVE_COMPILATION_CONDITIONS = DEBUG;
				SWIFT_OPTIMIZATION_LEVEL = "-Onone";
			};
			name = Debug;
		};
		B55F8D3C27DC73AA002F4E32 /* Release */ = {
			isa = XCBuildConfiguration;
			buildSettings = {
				ALWAYS_SEARCH_USER_PATHS = NO;
				CLANG_ANALYZER_NONNULL = YES;
				CLANG_ANALYZER_NUMBER_OBJECT_CONVERSION = YES_AGGRESSIVE;
				CLANG_CXX_LANGUAGE_STANDARD = "gnu++17";
				CLANG_CXX_LIBRARY = "libc++";
				CLANG_ENABLE_MODULES = YES;
				CLANG_ENABLE_OBJC_ARC = YES;
				CLANG_ENABLE_OBJC_WEAK = YES;
				CLANG_WARN_BLOCK_CAPTURE_AUTORELEASING = YES;
				CLANG_WARN_BOOL_CONVERSION = YES;
				CLANG_WARN_COMMA = YES;
				CLANG_WARN_CONSTANT_CONVERSION = YES;
				CLANG_WARN_DEPRECATED_OBJC_IMPLEMENTATIONS = YES;
				CLANG_WARN_DIRECT_OBJC_ISA_USAGE = YES_ERROR;
				CLANG_WARN_DOCUMENTATION_COMMENTS = YES;
				CLANG_WARN_EMPTY_BODY = YES;
				CLANG_WARN_ENUM_CONVERSION = YES;
				CLANG_WARN_INFINITE_RECURSION = YES;
				CLANG_WARN_INT_CONVERSION = YES;
				CLANG_WARN_NON_LITERAL_NULL_CONVERSION = YES;
				CLANG_WARN_OBJC_IMPLICIT_RETAIN_SELF = YES;
				CLANG_WARN_OBJC_LITERAL_CONVERSION = YES;
				CLANG_WARN_OBJC_ROOT_CLASS = YES_ERROR;
				CLANG_WARN_QUOTED_INCLUDE_IN_FRAMEWORK_HEADER = YES;
				CLANG_WARN_RANGE_LOOP_ANALYSIS = YES;
				CLANG_WARN_STRICT_PROTOTYPES = YES;
				CLANG_WARN_SUSPICIOUS_MOVE = YES;
				CLANG_WARN_UNGUARDED_AVAILABILITY = YES_AGGRESSIVE;
				CLANG_WARN_UNREACHABLE_CODE = YES;
				CLANG_WARN__DUPLICATE_METHOD_MATCH = YES;
				COPY_PHASE_STRIP = NO;
				DEBUG_INFORMATION_FORMAT = "dwarf-with-dsym";
				ENABLE_NS_ASSERTIONS = NO;
				ENABLE_STRICT_OBJC_MSGSEND = YES;
				GCC_C_LANGUAGE_STANDARD = gnu11;
				GCC_NO_COMMON_BLOCKS = YES;
				GCC_WARN_64_TO_32_BIT_CONVERSION = YES;
				GCC_WARN_ABOUT_RETURN_TYPE = YES_ERROR;
				GCC_WARN_UNDECLARED_SELECTOR = YES;
				GCC_WARN_UNINITIALIZED_AUTOS = YES_AGGRESSIVE;
				GCC_WARN_UNUSED_FUNCTION = YES;
				GCC_WARN_UNUSED_VARIABLE = YES;
				IPHONEOS_DEPLOYMENT_TARGET = 15.2;
				MTL_ENABLE_DEBUG_INFO = NO;
				MTL_FAST_MATH = YES;
				SDKROOT = iphoneos;
				SWIFT_COMPILATION_MODE = wholemodule;
				SWIFT_OPTIMIZATION_LEVEL = "-O";
				VALIDATE_PRODUCT = YES;
			};
			name = Release;
		};
		B55F8D3E27DC73AA002F4E32 /* Debug */ = {
			isa = XCBuildConfiguration;
			buildSettings = {
				ASSETCATALOG_COMPILER_APPICON_NAME = AppIcon;
				ASSETCATALOG_COMPILER_GLOBAL_ACCENT_COLOR_NAME = AccentColor;
				CODE_SIGN_STYLE = Automatic;
				CURRENT_PROJECT_VERSION = 1;
				DEVELOPMENT_ASSET_PATHS = "\"CryptoTracker/Preview Content\"";
				DEVELOPMENT_TEAM = FVZJ4Z5QQ2;
				ENABLE_PREVIEWS = YES;
				GENERATE_INFOPLIST_FILE = YES;
				INFOPLIST_KEY_UIApplicationSceneManifest_Generation = YES;
				INFOPLIST_KEY_UIApplicationSupportsIndirectInputEvents = YES;
				INFOPLIST_KEY_UILaunchScreen_Generation = YES;
				INFOPLIST_KEY_UISupportedInterfaceOrientations = UIInterfaceOrientationPortrait;
				INFOPLIST_KEY_UISupportedInterfaceOrientations_iPad = "UIInterfaceOrientationPortrait UIInterfaceOrientationPortraitUpsideDown UIInterfaceOrientationLandscapeLeft UIInterfaceOrientationLandscapeRight";
				INFOPLIST_KEY_UISupportedInterfaceOrientations_iPhone = "UIInterfaceOrientationPortrait UIInterfaceOrientationLandscapeLeft UIInterfaceOrientationLandscapeRight";
				LD_RUNPATH_SEARCH_PATHS = (
					"$(inherited)",
					"@executable_path/Frameworks",
				);
				MARKETING_VERSION = 1.0;
				PRODUCT_BUNDLE_IDENTIFIER = "com-mehdi.CryptoTracker";
				PRODUCT_NAME = "$(TARGET_NAME)";
				SWIFT_EMIT_LOC_STRINGS = YES;
				SWIFT_VERSION = 5.0;
				TARGETED_DEVICE_FAMILY = "1,2";
			};
			name = Debug;
		};
		B55F8D3F27DC73AA002F4E32 /* Release */ = {
			isa = XCBuildConfiguration;
			buildSettings = {
				ASSETCATALOG_COMPILER_APPICON_NAME = AppIcon;
				ASSETCATALOG_COMPILER_GLOBAL_ACCENT_COLOR_NAME = AccentColor;
				CODE_SIGN_STYLE = Automatic;
				CURRENT_PROJECT_VERSION = 1;
				DEVELOPMENT_ASSET_PATHS = "\"CryptoTracker/Preview Content\"";
				DEVELOPMENT_TEAM = FVZJ4Z5QQ2;
				ENABLE_PREVIEWS = YES;
				GENERATE_INFOPLIST_FILE = YES;
				INFOPLIST_KEY_UIApplicationSceneManifest_Generation = YES;
				INFOPLIST_KEY_UIApplicationSupportsIndirectInputEvents = YES;
				INFOPLIST_KEY_UILaunchScreen_Generation = YES;
				INFOPLIST_KEY_UISupportedInterfaceOrientations = UIInterfaceOrientationPortrait;
				INFOPLIST_KEY_UISupportedInterfaceOrientations_iPad = "UIInterfaceOrientationPortrait UIInterfaceOrientationPortraitUpsideDown UIInterfaceOrientationLandscapeLeft UIInterfaceOrientationLandscapeRight";
				INFOPLIST_KEY_UISupportedInterfaceOrientations_iPhone = "UIInterfaceOrientationPortrait UIInterfaceOrientationLandscapeLeft UIInterfaceOrientationLandscapeRight";
				LD_RUNPATH_SEARCH_PATHS = (
					"$(inherited)",
					"@executable_path/Frameworks",
				);
				MARKETING_VERSION = 1.0;
				PRODUCT_BUNDLE_IDENTIFIER = "com-mehdi.CryptoTracker";
				PRODUCT_NAME = "$(TARGET_NAME)";
				SWIFT_EMIT_LOC_STRINGS = YES;
				SWIFT_VERSION = 5.0;
				TARGETED_DEVICE_FAMILY = "1,2";
			};
			name = Release;
		};
/* End XCBuildConfiguration section */

/* Begin XCConfigurationList section */
		B55F8D2A27DC73A9002F4E32 /* Build configuration list for PBXProject "CryptoTracker" */ = {
			isa = XCConfigurationList;
			buildConfigurations = (
				B55F8D3B27DC73AA002F4E32 /* Debug */,
				B55F8D3C27DC73AA002F4E32 /* Release */,
			);
			defaultConfigurationIsVisible = 0;
			defaultConfigurationName = Release;
		};
		B55F8D3D27DC73AA002F4E32 /* Build configuration list for PBXNativeTarget "CryptoTracker" */ = {
			isa = XCConfigurationList;
			buildConfigurations = (
				B55F8D3E27DC73AA002F4E32 /* Debug */,
				B55F8D3F27DC73AA002F4E32 /* Release */,
			);
			defaultConfigurationIsVisible = 0;
			defaultConfigurationName = Release;
		};
/* End XCConfigurationList section */

/* Begin XCVersionGroup section */
		B55F8D6927E0419D002F4E32 /* PortfolioContainer.xcdatamodeld */ = {
			isa = XCVersionGroup;
			children = (
				B55F8D6A27E0419D002F4E32 /* PortfolioContainer.xcdatamodel */,
			);
			currentVersion = B55F8D6A27E0419D002F4E32 /* PortfolioContainer.xcdatamodel */;
			path = PortfolioContainer.xcdatamodeld;
			sourceTree = "<group>";
			versionGroupType = wrapper.xcdatamodel;
		};
/* End XCVersionGroup section */
	};
	rootObject = B55F8D2727DC73A9002F4E32 /* Project object */;
}
